
Microsoft Visual Studio Solution File, Format Version 12.00
# Visual Studio 2012
Project("{FAE04EC0-301F-11D3-BF4B-00C04F79EFBC}") = "Business", "BitCoinPriceFetcher\Business.csproj", "{809213CB-CBC0-4311-BC02-6B1A43DD5F13}"
EndProject
Project("{FAE04EC0-301F-11D3-BF4B-00C04F79EFBC}") = "Utilities", "Utilities\Utilities.csproj", "{3187EFE9-4C7B-4626-9BC3-887056F64FFB}"
EndProject
Project("{FAE04EC0-301F-11D3-BF4B-00C04F79EFBC}") = "BitcoinChartsFetcherTestConsole", "TestRun\BitcoinChartsFetcherTestConsole.csproj", "{0310AD9F-F85F-4686-94DE-C9567CFDB63E}"
EndProject
Project("{2150E333-8FDC-42A3-9474-1A3956D46DE8}") = "BatchProcesses", "BatchProcesses", "{52D8E5E5-7192-4E91-9A48-5B9C93309B8B}"
EndProject
Project("{2150E333-8FDC-42A3-9474-1A3956D46DE8}") = "Library", "Library", "{EA221F2E-A849-49BC-BA55-EC0BC3104F20}"
	ProjectSection(SolutionItems) = preProject
		Model\Model.csproj = Model\Model.csproj
	EndProjectSection
EndProject
Project("{FAE04EC0-301F-11D3-BF4B-00C04F79EFBC}") = "BitCoinPriceFetcherProcess", "BitCoinPriceFetcherProcess\BitCoinPriceFetcherProcess.csproj", "{89B128EF-D876-48D9-A630-5BB750777B42}"
EndProject
Project("{FAE04EC0-301F-11D3-BF4B-00C04F79EFBC}") = "BucketizerProcess", "BucketizerProcess\BucketizerProcess.csproj", "{E7EF64A0-A7A6-4425-AB80-AF3638643023}"
EndProject
Project("{2150E333-8FDC-42A3-9474-1A3956D46DE8}") = "Tests", "Tests", "{19E3CA1E-86D9-43E0-A4EC-8C6F5C1ACE1E}"
EndProject
Project("{FAE04EC0-301F-11D3-BF4B-00C04F79EFBC}") = "BucketizerTestConsole", "BucketizerTestConsole\BucketizerTestConsole.csproj", "{34D35630-ADD9-413B-ABFA-DD617006BB52}"
EndProject
Project("{2150E333-8FDC-42A3-9474-1A3956D46DE8}") = "Web", "Web", "{387EDE58-2EE9-40FB-8502-89495D90EE98}"
EndProject
Project("{FAE04EC0-301F-11D3-BF4B-00C04F79EFBC}") = "CommandAndControl", "CommandAndControl\CommandAndControl.csproj", "{C3EEE996-9893-4B82-8392-1A9B89C353F2}"
EndProject
Project("{FAE04EC0-301F-11D3-BF4B-00C04F79EFBC}") = "MvcApplication1", "MvcApplication1\MvcApplication1.csproj", "{F3049A3A-6E3C-409B-987A-5564D699765A}"
EndProject
Project("{2150E333-8FDC-42A3-9474-1A3956D46DE8}") = "TradingAlgorithms", "TradingAlgorithms", "{A6A6EC45-EDF1-4F16-96D6-44A7B438ADB0}"
EndProject
Project("{FAE04EC0-301F-11D3-BF4B-00C04F79EFBC}") = "TradingAlgorithmBase", "TradingAlgorithmBase\TradingAlgorithmBase.csproj", "{FC69C1A0-29C1-417B-83B0-D5DEAECE0830}"
EndProject
Project("{FAE04EC0-301F-11D3-BF4B-00C04F79EFBC}") = "TradeIndicators", "TradeIndicators\TradeIndicators.csproj", "{4563FC17-D504-49C0-BF32-9606E320A320}"
EndProject
Project("{FAE04EC0-301F-11D3-BF4B-00C04F79EFBC}") = "TradeAlgorithmTestConsole", "TradeAlgorithmTestConsole\TradeAlgorithmTestConsole.csproj", "{B01800ED-0CCE-47BC-9A63-E205059EE154}"
EndProject
Project("{FAE04EC0-301F-11D3-BF4B-00C04F79EFBC}") = "StochRSIAlgorithms", "StochRSI\StochRSIAlgorithms.csproj", "{B7862A3F-27F6-4C25-99C5-A08E2CE61737}"
EndProject
Project("{FAE04EC0-301F-11D3-BF4B-00C04F79EFBC}") = "TradeCommandProcess", "TradeCommandProcess\TradeCommandProcess.csproj", "{27DDF869-1515-4F5C-8933-AC906D140BDC}"
EndProject
Project("{FAE04EC0-301F-11D3-BF4B-00C04F79EFBC}") = "ScoreCardTestConsole", "ScoreCardTestConsole\ScoreCardTestConsole.csproj", "{473E091A-92AE-49C2-9974-15E1BAFBC81A}"
EndProject
Project("{FAE04EC0-301F-11D3-BF4B-00C04F79EFBC}") = "CommandCenter", "CommandCenter\CommandCenter.csproj", "{9AB26804-077E-43BE-8F38-D87087C0594A}"
EndProject
Project("{FAE04EC0-301F-11D3-BF4B-00C04F79EFBC}") = "Batch", "Batch\Batch.csproj", "{02431688-048D-402E-AA70-5C987814CB09}"
EndProject
Project("{FAE04EC0-301F-11D3-BF4B-00C04F79EFBC}") = "BatchProcessManagerConsole", "BatchProcessManagerConsole\BatchProcessManagerConsole.csproj", "{094D4616-92B2-4841-ACEF-476D136B2A6E}"
EndProject
Project("{FAE04EC0-301F-11D3-BF4B-00C04F79EFBC}") = "AdviceAlertProcess", "AdviceAlertProcess\AdviceAlertProcess.csproj", "{8F9A8452-1B02-4E0A-957F-EF707411B08C}"
EndProject
Project("{FAE04EC0-301F-11D3-BF4B-00C04F79EFBC}") = "AdviceAlertProcessTestConsole", "AdviceAlertProcessTestConsole\AdviceAlertProcessTestConsole.csproj", "{02E1EB21-EEC6-4D06-81FA-FB8960A1A977}"
EndProject
Project("{FAE04EC0-301F-11D3-BF4B-00C04F79EFBC}") = "MFIAlgorithms", "MSIAlgorithms\MFIAlgorithms.csproj", "{BFF98E58-939D-4726-8225-8BB0BF692B78}"
EndProject
Project("{FAE04EC0-301F-11D3-BF4B-00C04F79EFBC}") = "CCIAlgorithms", "CSIAlgorithms\CCIAlgorithms.csproj", "{6B8BE1CB-9537-464B-8280-54119C1BDE82}"
EndProject
Project("{FAE04EC0-301F-11D3-BF4B-00C04F79EFBC}") = "MomentumAlgorithms", "MomentumAlgorithms\MomentumAlgorithms.csproj", "{E7EAD7E4-675D-4C8D-BFFB-124D2B87FF4B}"
EndProject
Project("{FAE04EC0-301F-11D3-BF4B-00C04F79EFBC}") = "WilliamsRAlgorithms", "WilliamsRAlgorithms\WilliamsRAlgorithms.csproj", "{661EA63F-F32F-462E-9AD7-8BDC9F57A161}"
EndProject
Project("{FAE04EC0-301F-11D3-BF4B-00C04F79EFBC}") = "DPOAlgorithms", "DPOAlgorithms\DPOAlgorithms.csproj", "{BFB99836-FA90-4B09-8B92-0A013C208940}"
EndProject
Project("{FAE04EC0-301F-11D3-BF4B-00C04F79EFBC}") = "TestConsole", "TestConsole\TestConsole.csproj", "{F2BA23A1-0CD7-4A4B-A2F5-13576F458436}"
EndProject
Project("{FAE04EC0-301F-11D3-BF4B-00C04F79EFBC}") = "TableToCSV", "TableToCSV\TableToCSV.csproj", "{ED3AFD54-B86E-4219-AB0A-D76852984891}"
EndProject
Project("{FAE04EC0-301F-11D3-BF4B-00C04F79EFBC}") = "TradeBucketCache", "TradeBucketCache\TradeBucketCache.csproj", "{3EB7B102-7641-48A7-805F-A693B7278141}"
EndProject
Project("{FAE04EC0-301F-11D3-BF4B-00C04F79EFBC}") = "Model", "Model\Model.csproj", "{81BA5BA8-5091-40B1-B10E-5F20640920E4}"
EndProject
Project("{2150E333-8FDC-42A3-9474-1A3956D46DE8}") = "Mtgox", "Mtgox", "{3C5BFF4B-C773-4B4B-A4D8-0260CFA7D8E1}"
EndProject
Project("{FAE04EC0-301F-11D3-BF4B-00C04F79EFBC}") = "MtGoxAPIWrapper", "MtGoxAPIWrapper\MtGoxAPIWrapper.csproj", "{A5204290-8FF6-41FE-B639-ECEC0273AAC5}"
EndProject
Project("{FAE04EC0-301F-11D3-BF4B-00C04F79EFBC}") = "ROCAlgorithms", "ROCAlgorithms\ROCAlgorithms.csproj", "{A50DA743-2A18-4F77-92FF-482C4A63E130}"
EndProject
Global
	GlobalSection(SolutionConfigurationPlatforms) = preSolution
		Debug|Any CPU = Debug|Any CPU
		Release|Any CPU = Release|Any CPU
	EndGlobalSection
	GlobalSection(ProjectConfigurationPlatforms) = postSolution
		{809213CB-CBC0-4311-BC02-6B1A43DD5F13}.Debug|Any CPU.ActiveCfg = Debug|Any CPU
		{809213CB-CBC0-4311-BC02-6B1A43DD5F13}.Debug|Any CPU.Build.0 = Debug|Any CPU
		{809213CB-CBC0-4311-BC02-6B1A43DD5F13}.Release|Any CPU.ActiveCfg = Release|Any CPU
		{809213CB-CBC0-4311-BC02-6B1A43DD5F13}.Release|Any CPU.Build.0 = Release|Any CPU
		{3187EFE9-4C7B-4626-9BC3-887056F64FFB}.Debug|Any CPU.ActiveCfg = Debug|Any CPU
		{3187EFE9-4C7B-4626-9BC3-887056F64FFB}.Debug|Any CPU.Build.0 = Debug|Any CPU
		{3187EFE9-4C7B-4626-9BC3-887056F64FFB}.Release|Any CPU.ActiveCfg = Release|Any CPU
		{3187EFE9-4C7B-4626-9BC3-887056F64FFB}.Release|Any CPU.Build.0 = Release|Any CPU
		{0310AD9F-F85F-4686-94DE-C9567CFDB63E}.Debug|Any CPU.ActiveCfg = Debug|Any CPU
		{0310AD9F-F85F-4686-94DE-C9567CFDB63E}.Debug|Any CPU.Build.0 = Debug|Any CPU
		{0310AD9F-F85F-4686-94DE-C9567CFDB63E}.Release|Any CPU.ActiveCfg = Release|Any CPU
		{0310AD9F-F85F-4686-94DE-C9567CFDB63E}.Release|Any CPU.Build.0 = Release|Any CPU
		{89B128EF-D876-48D9-A630-5BB750777B42}.Debug|Any CPU.ActiveCfg = Debug|Any CPU
		{89B128EF-D876-48D9-A630-5BB750777B42}.Debug|Any CPU.Build.0 = Debug|Any CPU
		{89B128EF-D876-48D9-A630-5BB750777B42}.Release|Any CPU.ActiveCfg = Release|Any CPU
		{89B128EF-D876-48D9-A630-5BB750777B42}.Release|Any CPU.Build.0 = Release|Any CPU
		{E7EF64A0-A7A6-4425-AB80-AF3638643023}.Debug|Any CPU.ActiveCfg = Debug|Any CPU
		{E7EF64A0-A7A6-4425-AB80-AF3638643023}.Debug|Any CPU.Build.0 = Debug|Any CPU
		{E7EF64A0-A7A6-4425-AB80-AF3638643023}.Release|Any CPU.ActiveCfg = Release|Any CPU
		{E7EF64A0-A7A6-4425-AB80-AF3638643023}.Release|Any CPU.Build.0 = Release|Any CPU
		{34D35630-ADD9-413B-ABFA-DD617006BB52}.Debug|Any CPU.ActiveCfg = Debug|Any CPU
		{34D35630-ADD9-413B-ABFA-DD617006BB52}.Debug|Any CPU.Build.0 = Debug|Any CPU
		{34D35630-ADD9-413B-ABFA-DD617006BB52}.Release|Any CPU.ActiveCfg = Release|Any CPU
		{34D35630-ADD9-413B-ABFA-DD617006BB52}.Release|Any CPU.Build.0 = Release|Any CPU
		{C3EEE996-9893-4B82-8392-1A9B89C353F2}.Debug|Any CPU.ActiveCfg = Debug|Any CPU
		{C3EEE996-9893-4B82-8392-1A9B89C353F2}.Debug|Any CPU.Build.0 = Debug|Any CPU
		{C3EEE996-9893-4B82-8392-1A9B89C353F2}.Release|Any CPU.ActiveCfg = Release|Any CPU
		{C3EEE996-9893-4B82-8392-1A9B89C353F2}.Release|Any CPU.Build.0 = Release|Any CPU
		{F3049A3A-6E3C-409B-987A-5564D699765A}.Debug|Any CPU.ActiveCfg = Debug|Any CPU
		{F3049A3A-6E3C-409B-987A-5564D699765A}.Debug|Any CPU.Build.0 = Debug|Any CPU
		{F3049A3A-6E3C-409B-987A-5564D699765A}.Release|Any CPU.ActiveCfg = Release|Any CPU
		{F3049A3A-6E3C-409B-987A-5564D699765A}.Release|Any CPU.Build.0 = Release|Any CPU
		{FC69C1A0-29C1-417B-83B0-D5DEAECE0830}.Debug|Any CPU.ActiveCfg = Debug|Any CPU
		{FC69C1A0-29C1-417B-83B0-D5DEAECE0830}.Debug|Any CPU.Build.0 = Debug|Any CPU
		{FC69C1A0-29C1-417B-83B0-D5DEAECE0830}.Release|Any CPU.ActiveCfg = Release|Any CPU
		{FC69C1A0-29C1-417B-83B0-D5DEAECE0830}.Release|Any CPU.Build.0 = Release|Any CPU
		{4563FC17-D504-49C0-BF32-9606E320A320}.Debug|Any CPU.ActiveCfg = Debug|Any CPU
		{4563FC17-D504-49C0-BF32-9606E320A320}.Debug|Any CPU.Build.0 = Debug|Any CPU
		{4563FC17-D504-49C0-BF32-9606E320A320}.Release|Any CPU.ActiveCfg = Release|Any CPU
		{4563FC17-D504-49C0-BF32-9606E320A320}.Release|Any CPU.Build.0 = Release|Any CPU
		{B01800ED-0CCE-47BC-9A63-E205059EE154}.Debug|Any CPU.ActiveCfg = Debug|Any CPU
		{B01800ED-0CCE-47BC-9A63-E205059EE154}.Debug|Any CPU.Build.0 = Debug|Any CPU
		{B01800ED-0CCE-47BC-9A63-E205059EE154}.Release|Any CPU.ActiveCfg = Release|Any CPU
		{B01800ED-0CCE-47BC-9A63-E205059EE154}.Release|Any CPU.Build.0 = Release|Any CPU
		{B7862A3F-27F6-4C25-99C5-A08E2CE61737}.Debug|Any CPU.ActiveCfg = Debug|Any CPU
		{B7862A3F-27F6-4C25-99C5-A08E2CE61737}.Debug|Any CPU.Build.0 = Debug|Any CPU
		{B7862A3F-27F6-4C25-99C5-A08E2CE61737}.Release|Any CPU.ActiveCfg = Release|Any CPU
		{B7862A3F-27F6-4C25-99C5-A08E2CE61737}.Release|Any CPU.Build.0 = Release|Any CPU
		{27DDF869-1515-4F5C-8933-AC906D140BDC}.Debug|Any CPU.ActiveCfg = Debug|Any CPU
		{27DDF869-1515-4F5C-8933-AC906D140BDC}.Debug|Any CPU.Build.0 = Debug|Any CPU
		{27DDF869-1515-4F5C-8933-AC906D140BDC}.Release|Any CPU.ActiveCfg = Release|Any CPU
		{27DDF869-1515-4F5C-8933-AC906D140BDC}.Release|Any CPU.Build.0 = Release|Any CPU
		{473E091A-92AE-49C2-9974-15E1BAFBC81A}.Debug|Any CPU.ActiveCfg = Debug|Any CPU
		{473E091A-92AE-49C2-9974-15E1BAFBC81A}.Debug|Any CPU.Build.0 = Debug|Any CPU
		{473E091A-92AE-49C2-9974-15E1BAFBC81A}.Release|Any CPU.ActiveCfg = Release|Any CPU
		{473E091A-92AE-49C2-9974-15E1BAFBC81A}.Release|Any CPU.Build.0 = Release|Any CPU
		{9AB26804-077E-43BE-8F38-D87087C0594A}.Debug|Any CPU.ActiveCfg = Debug|Any CPU
		{9AB26804-077E-43BE-8F38-D87087C0594A}.Debug|Any CPU.Build.0 = Debug|Any CPU
		{9AB26804-077E-43BE-8F38-D87087C0594A}.Release|Any CPU.ActiveCfg = Release|Any CPU
		{9AB26804-077E-43BE-8F38-D87087C0594A}.Release|Any CPU.Build.0 = Release|Any CPU
		{02431688-048D-402E-AA70-5C987814CB09}.Debug|Any CPU.ActiveCfg = Debug|Any CPU
		{02431688-048D-402E-AA70-5C987814CB09}.Debug|Any CPU.Build.0 = Debug|Any CPU
		{02431688-048D-402E-AA70-5C987814CB09}.Release|Any CPU.ActiveCfg = Release|Any CPU
		{02431688-048D-402E-AA70-5C987814CB09}.Release|Any CPU.Build.0 = Release|Any CPU
		{094D4616-92B2-4841-ACEF-476D136B2A6E}.Debug|Any CPU.ActiveCfg = Debug|Any CPU
		{094D4616-92B2-4841-ACEF-476D136B2A6E}.Debug|Any CPU.Build.0 = Debug|Any CPU
		{094D4616-92B2-4841-ACEF-476D136B2A6E}.Release|Any CPU.ActiveCfg = Release|Any CPU
		{094D4616-92B2-4841-ACEF-476D136B2A6E}.Release|Any CPU.Build.0 = Release|Any CPU
		{8F9A8452-1B02-4E0A-957F-EF707411B08C}.Debug|Any CPU.ActiveCfg = Debug|Any CPU
		{8F9A8452-1B02-4E0A-957F-EF707411B08C}.Debug|Any CPU.Build.0 = Debug|Any CPU
		{8F9A8452-1B02-4E0A-957F-EF707411B08C}.Release|Any CPU.ActiveCfg = Release|Any CPU
		{8F9A8452-1B02-4E0A-957F-EF707411B08C}.Release|Any CPU.Build.0 = Release|Any CPU
		{02E1EB21-EEC6-4D06-81FA-FB8960A1A977}.Debug|Any CPU.ActiveCfg = Debug|Any CPU
		{02E1EB21-EEC6-4D06-81FA-FB8960A1A977}.Debug|Any CPU.Build.0 = Debug|Any CPU
		{02E1EB21-EEC6-4D06-81FA-FB8960A1A977}.Release|Any CPU.ActiveCfg = Release|Any CPU
		{02E1EB21-EEC6-4D06-81FA-FB8960A1A977}.Release|Any CPU.Build.0 = Release|Any CPU
		{BFF98E58-939D-4726-8225-8BB0BF692B78}.Debug|Any CPU.ActiveCfg = Debug|Any CPU
		{BFF98E58-939D-4726-8225-8BB0BF692B78}.Debug|Any CPU.Build.0 = Debug|Any CPU
		{BFF98E58-939D-4726-8225-8BB0BF692B78}.Release|Any CPU.ActiveCfg = Release|Any CPU
		{BFF98E58-939D-4726-8225-8BB0BF692B78}.Release|Any CPU.Build.0 = Release|Any CPU
		{6B8BE1CB-9537-464B-8280-54119C1BDE82}.Debug|Any CPU.ActiveCfg = Debug|Any CPU
		{6B8BE1CB-9537-464B-8280-54119C1BDE82}.Debug|Any CPU.Build.0 = Debug|Any CPU
		{6B8BE1CB-9537-464B-8280-54119C1BDE82}.Release|Any CPU.ActiveCfg = Release|Any CPU
		{6B8BE1CB-9537-464B-8280-54119C1BDE82}.Release|Any CPU.Build.0 = Release|Any CPU
		{E7EAD7E4-675D-4C8D-BFFB-124D2B87FF4B}.Debug|Any CPU.ActiveCfg = Debug|Any CPU
		{E7EAD7E4-675D-4C8D-BFFB-124D2B87FF4B}.Debug|Any CPU.Build.0 = Debug|Any CPU
		{E7EAD7E4-675D-4C8D-BFFB-124D2B87FF4B}.Release|Any CPU.ActiveCfg = Release|Any CPU
		{E7EAD7E4-675D-4C8D-BFFB-124D2B87FF4B}.Release|Any CPU.Build.0 = Release|Any CPU
		{661EA63F-F32F-462E-9AD7-8BDC9F57A161}.Debug|Any CPU.ActiveCfg = Debug|Any CPU
		{661EA63F-F32F-462E-9AD7-8BDC9F57A161}.Debug|Any CPU.Build.0 = Debug|Any CPU
		{661EA63F-F32F-462E-9AD7-8BDC9F57A161}.Release|Any CPU.ActiveCfg = Release|Any CPU
		{661EA63F-F32F-462E-9AD7-8BDC9F57A161}.Release|Any CPU.Build.0 = Release|Any CPU
		{BFB99836-FA90-4B09-8B92-0A013C208940}.Debug|Any CPU.ActiveCfg = Debug|Any CPU
		{BFB99836-FA90-4B09-8B92-0A013C208940}.Debug|Any CPU.Build.0 = Debug|Any CPU
		{BFB99836-FA90-4B09-8B92-0A013C208940}.Release|Any CPU.ActiveCfg = Release|Any CPU
		{BFB99836-FA90-4B09-8B92-0A013C208940}.Release|Any CPU.Build.0 = Release|Any CPU
		{F2BA23A1-0CD7-4A4B-A2F5-13576F458436}.Debug|Any CPU.ActiveCfg = Debug|Any CPU
		{F2BA23A1-0CD7-4A4B-A2F5-13576F458436}.Debug|Any CPU.Build.0 = Debug|Any CPU
		{F2BA23A1-0CD7-4A4B-A2F5-13576F458436}.Release|Any CPU.ActiveCfg = Release|Any CPU
		{F2BA23A1-0CD7-4A4B-A2F5-13576F458436}.Release|Any CPU.Build.0 = Release|Any CPU
		{ED3AFD54-B86E-4219-AB0A-D76852984891}.Debug|Any CPU.ActiveCfg = Debug|Any CPU
		{ED3AFD54-B86E-4219-AB0A-D76852984891}.Debug|Any CPU.Build.0 = Debug|Any CPU
		{ED3AFD54-B86E-4219-AB0A-D76852984891}.Release|Any CPU.ActiveCfg = Release|Any CPU
		{ED3AFD54-B86E-4219-AB0A-D76852984891}.Release|Any CPU.Build.0 = Release|Any CPU
		{3EB7B102-7641-48A7-805F-A693B7278141}.Debug|Any CPU.ActiveCfg = Debug|Any CPU
		{3EB7B102-7641-48A7-805F-A693B7278141}.Debug|Any CPU.Build.0 = Debug|Any CPU
		{3EB7B102-7641-48A7-805F-A693B7278141}.Release|Any CPU.ActiveCfg = Release|Any CPU
		{3EB7B102-7641-48A7-805F-A693B7278141}.Release|Any CPU.Build.0 = Release|Any CPU
		{81BA5BA8-5091-40B1-B10E-5F20640920E4}.Debug|Any CPU.ActiveCfg = Debug|Any CPU
		{81BA5BA8-5091-40B1-B10E-5F20640920E4}.Debug|Any CPU.Build.0 = Debug|Any CPU
		{81BA5BA8-5091-40B1-B10E-5F20640920E4}.Release|Any CPU.ActiveCfg = Release|Any CPU
		{81BA5BA8-5091-40B1-B10E-5F20640920E4}.Release|Any CPU.Build.0 = Release|Any CPU
		{A5204290-8FF6-41FE-B639-ECEC0273AAC5}.Debug|Any CPU.ActiveCfg = Debug|Any CPU
		{A5204290-8FF6-41FE-B639-ECEC0273AAC5}.Debug|Any CPU.Build.0 = Debug|Any CPU
		{A5204290-8FF6-41FE-B639-ECEC0273AAC5}.Release|Any CPU.ActiveCfg = Release|Any CPU
		{A5204290-8FF6-41FE-B639-ECEC0273AAC5}.Release|Any CPU.Build.0 = Release|Any CPU
		{A50DA743-2A18-4F77-92FF-482C4A63E130}.Debug|Any CPU.ActiveCfg = Debug|Any CPU
		{A50DA743-2A18-4F77-92FF-482C4A63E130}.Debug|Any CPU.Build.0 = Debug|Any CPU
		{A50DA743-2A18-4F77-92FF-482C4A63E130}.Release|Any CPU.ActiveCfg = Release|Any CPU
		{A50DA743-2A18-4F77-92FF-482C4A63E130}.Release|Any CPU.Build.0 = Release|Any CPU
	EndGlobalSection
	GlobalSection(SolutionProperties) = preSolution
		HideSolutionNode = FALSE
	EndGlobalSection
	GlobalSection(NestedProjects) = preSolution
		{3187EFE9-4C7B-4626-9BC3-887056F64FFB} = {EA221F2E-A849-49BC-BA55-EC0BC3104F20}
		{52D8E5E5-7192-4E91-9A48-5B9C93309B8B} = {EA221F2E-A849-49BC-BA55-EC0BC3104F20}
		{809213CB-CBC0-4311-BC02-6B1A43DD5F13} = {EA221F2E-A849-49BC-BA55-EC0BC3104F20}
		{A6A6EC45-EDF1-4F16-96D6-44A7B438ADB0} = {EA221F2E-A849-49BC-BA55-EC0BC3104F20}
		{4563FC17-D504-49C0-BF32-9606E320A320} = {EA221F2E-A849-49BC-BA55-EC0BC3104F20}
		{3EB7B102-7641-48A7-805F-A693B7278141} = {EA221F2E-A849-49BC-BA55-EC0BC3104F20}
		{3C5BFF4B-C773-4B4B-A4D8-0260CFA7D8E1} = {EA221F2E-A849-49BC-BA55-EC0BC3104F20}
		{0310AD9F-F85F-4686-94DE-C9567CFDB63E} = {19E3CA1E-86D9-43E0-A4EC-8C6F5C1ACE1E}
		{34D35630-ADD9-413B-ABFA-DD617006BB52} = {19E3CA1E-86D9-43E0-A4EC-8C6F5C1ACE1E}
		{B01800ED-0CCE-47BC-9A63-E205059EE154} = {19E3CA1E-86D9-43E0-A4EC-8C6F5C1ACE1E}
		{473E091A-92AE-49C2-9974-15E1BAFBC81A} = {19E3CA1E-86D9-43E0-A4EC-8C6F5C1ACE1E}
		{094D4616-92B2-4841-ACEF-476D136B2A6E} = {19E3CA1E-86D9-43E0-A4EC-8C6F5C1ACE1E}
		{02E1EB21-EEC6-4D06-81FA-FB8960A1A977} = {19E3CA1E-86D9-43E0-A4EC-8C6F5C1ACE1E}
		{F2BA23A1-0CD7-4A4B-A2F5-13576F458436} = {19E3CA1E-86D9-43E0-A4EC-8C6F5C1ACE1E}
		{ED3AFD54-B86E-4219-AB0A-D76852984891} = {19E3CA1E-86D9-43E0-A4EC-8C6F5C1ACE1E}
		{89B128EF-D876-48D9-A630-5BB750777B42} = {52D8E5E5-7192-4E91-9A48-5B9C93309B8B}
		{E7EF64A0-A7A6-4425-AB80-AF3638643023} = {52D8E5E5-7192-4E91-9A48-5B9C93309B8B}
		{27DDF869-1515-4F5C-8933-AC906D140BDC} = {52D8E5E5-7192-4E91-9A48-5B9C93309B8B}
		{02431688-048D-402E-AA70-5C987814CB09} = {52D8E5E5-7192-4E91-9A48-5B9C93309B8B}
		{8F9A8452-1B02-4E0A-957F-EF707411B08C} = {52D8E5E5-7192-4E91-9A48-5B9C93309B8B}
		{C3EEE996-9893-4B82-8392-1A9B89C353F2} = {387EDE58-2EE9-40FB-8502-89495D90EE98}
		{F3049A3A-6E3C-409B-987A-5564D699765A} = {387EDE58-2EE9-40FB-8502-89495D90EE98}
		{9AB26804-077E-43BE-8F38-D87087C0594A} = {387EDE58-2EE9-40FB-8502-89495D90EE98}
		{FC69C1A0-29C1-417B-83B0-D5DEAECE0830} = {A6A6EC45-EDF1-4F16-96D6-44A7B438ADB0}
		{B7862A3F-27F6-4C25-99C5-A08E2CE61737} = {A6A6EC45-EDF1-4F16-96D6-44A7B438ADB0}
		{BFF98E58-939D-4726-8225-8BB0BF692B78} = {A6A6EC45-EDF1-4F16-96D6-44A7B438ADB0}
		{6B8BE1CB-9537-464B-8280-54119C1BDE82} = {A6A6EC45-EDF1-4F16-96D6-44A7B438ADB0}
		{E7EAD7E4-675D-4C8D-BFFB-124D2B87FF4B} = {A6A6EC45-EDF1-4F16-96D6-44A7B438ADB0}
		{661EA63F-F32F-462E-9AD7-8BDC9F57A161} = {A6A6EC45-EDF1-4F16-96D6-44A7B438ADB0}
		{BFB99836-FA90-4B09-8B92-0A013C208940} = {A6A6EC45-EDF1-4F16-96D6-44A7B438ADB0}
		{A50DA743-2A18-4F77-92FF-482C4A63E130} = {A6A6EC45-EDF1-4F16-96D6-44A7B438ADB0}
		{81BA5BA8-5091-40B1-B10E-5F20640920E4} = {3C5BFF4B-C773-4B4B-A4D8-0260CFA7D8E1}
		{A5204290-8FF6-41FE-B639-ECEC0273AAC5} = {3C5BFF4B-C773-4B4B-A4D8-0260CFA7D8E1}
	EndGlobalSection
EndGlobal
